
Microsoft Visual Studio Solution File, Format Version 12.00
# Visual Studio 15
VisualStudioVersion = 15.0.27428.2043
MinimumVisualStudioVersion = 10.0.40219.1
Project("{FAE04EC0-301F-11D3-BF4B-00C04F79EFBC}") = "vehicle form", "WindowsFormsApplication3\vehicle form.csproj", "{4990F8FA-7FFD-4E4F-9DD5-03E7FD94EAA3}"
EndProject
Global
	GlobalSection(SolutionConfigurationPlatforms) = preSolution
		Debug|Any CPU = Debug|Any CPU
		Release|Any CPU = Release|Any CPU
	EndGlobalSection
	GlobalSection(ProjectConfigurationPlatforms) = postSolution
		{4990F8FA-7FFD-4E4F-9DD5-03E7FD94EAA3}.Debug|Any CPU.ActiveCfg = Debug|Any CPU
		{4990F8FA-7FFD-4E4F-9DD5-03E7FD94EAA3}.Debug|Any CPU.Build.0 = Debug|Any CPU
		{4990F8FA-7FFD-4E4F-9DD5-03E7FD94EAA3}.Release|Any CPU.ActiveCfg = Release|Any CPU
		{4990F8FA-7FFD-4E4F-9DD5-03E7FD94EAA3}.Release|Any CPU.Build.0 = Release|Any CPU
	EndGlobalSection
	GlobalSection(SolutionProperties) = preSolution
		HideSolutionNode = FALSE
	EndGlobalSection
	GlobalSection(ExtensibilityGlobals) = postSolution
		SolutionGuid = {28E3B6E9-3694-4096-BFAB-FD82B24C5FE6}
	EndGlobalSection
EndGlobal
